
Microsoft Visual Studio Solution File, Format Version 12.00
# Visual Studio Version 17
VisualStudioVersion = 17.0.31903.59
MinimumVisualStudioVersion = 10.0.40219.1
Project("{9A19103F-16F7-4668-BE54-9A1E7A4F7556}") = "CalculatorUI", "CalculatorUI\CalculatorUI.csproj", "{DFD7E801-A245-41F4-ACCC-AAFDC579AA48}"
EndProject
Project("{9A19103F-16F7-4668-BE54-9A1E7A4F7556}") = "CalculatorAPI", "CalculatorAPI\CalculatorAPI.csproj", "{7BC01158-012C-4963-B570-70C41E8CDBB1}"
EndProject
Project("{9A19103F-16F7-4668-BE54-9A1E7A4F7556}") = "CalculatorCore", "CalculatorCore\CalculatorCore.csproj", "{07411C46-4D32-4EC7-9F63-03FF612D525E}"
EndProject
Project("{2150E333-8FDC-42A3-9474-1A3956D46DE8}") = "Solution Items", "Solution Items", "{86907624-0ED8-48E2-8E34-8FDEC30D3AFE}"
	ProjectSection(SolutionItems) = preProject
		README.md = README.md
	EndProjectSection
EndProject
Global
	GlobalSection(SolutionConfigurationPlatforms) = preSolution
		Debug|Any CPU = Debug|Any CPU
		Release|Any CPU = Release|Any CPU
	EndGlobalSection
	GlobalSection(ProjectConfigurationPlatforms) = postSolution
		{DFD7E801-A245-41F4-ACCC-AAFDC579AA48}.Debug|Any CPU.ActiveCfg = Debug|Any CPU
		{DFD7E801-A245-41F4-ACCC-AAFDC579AA48}.Debug|Any CPU.Build.0 = Debug|Any CPU
		{DFD7E801-A245-41F4-ACCC-AAFDC579AA48}.Release|Any CPU.ActiveCfg = Release|Any CPU
		{DFD7E801-A245-41F4-ACCC-AAFDC579AA48}.Release|Any CPU.Build.0 = Release|Any CPU
		{7BC01158-012C-4963-B570-70C41E8CDBB1}.Debug|Any CPU.ActiveCfg = Debug|Any CPU
		{7BC01158-012C-4963-B570-70C41E8CDBB1}.Debug|Any CPU.Build.0 = Debug|Any CPU
		{7BC01158-012C-4963-B570-70C41E8CDBB1}.Release|Any CPU.ActiveCfg = Release|Any CPU
		{7BC01158-012C-4963-B570-70C41E8CDBB1}.Release|Any CPU.Build.0 = Release|Any CPU
		{07411C46-4D32-4EC7-9F63-03FF612D525E}.Debug|Any CPU.ActiveCfg = Debug|Any CPU
		{07411C46-4D32-4EC7-9F63-03FF612D525E}.Debug|Any CPU.Build.0 = Debug|Any CPU
		{07411C46-4D32-4EC7-9F63-03FF612D525E}.Release|Any CPU.ActiveCfg = Release|Any CPU
		{07411C46-4D32-4EC7-9F63-03FF612D525E}.Release|Any CPU.Build.0 = Release|Any CPU
	EndGlobalSection
	GlobalSection(SolutionProperties) = preSolution
		HideSolutionNode = FALSE
	EndGlobalSection
	GlobalSection(ExtensibilityGlobals) = postSolution
		SolutionGuid = {244DA928-AE8F-4873-8B43-37D3800103D1}
	EndGlobalSection
EndGlobal
